
Microsoft Visual Studio Solution File, Format Version 12.00
# Visual Studio Version 17
VisualStudioVersion = 17.6.33815.320
MinimumVisualStudioVersion = 10.0.40219.1
Project("{9A19103F-16F7-4668-BE54-9A1E7A4F7556}") = "GPOS.MarketPlaceApi", "GPOS.MarketPlaceApi\GPOS.MarketPlaceApi.csproj", "{6F9EE13E-BA56-49C5-9A1D-51D1539B5F66}"
EndProject
Project("{9A19103F-16F7-4668-BE54-9A1E7A4F7556}") = "GPOS.Infrastructure", "GPOS.Infrastructure\GPOS.Infrastructure.csproj", "{80838EC0-79B4-47F5-B206-A465C6307457}"
EndProject
Project("{9A19103F-16F7-4668-BE54-9A1E7A4F7556}") = "GPOS.Core", "GPOS.Core\GPOS.Core.csproj", "{808B0127-AADB-45C7-B3DD-9436840DECA6}"
EndProject
Project("{FAE04EC0-301F-11D3-BF4B-00C04F79EFBC}") = "SnappMarketWorker", "SnappMarketWorker\SnappMarketWorker.csproj", "{238C492C-5FCE-40FC-B657-8C234BCA542A}"
EndProject
Global
	GlobalSection(SolutionConfigurationPlatforms) = preSolution
		Debug|Any CPU = Debug|Any CPU
		Release|Any CPU = Release|Any CPU
	EndGlobalSection
	GlobalSection(ProjectConfigurationPlatforms) = postSolution
		{6F9EE13E-BA56-49C5-9A1D-51D1539B5F66}.Debug|Any CPU.ActiveCfg = Debug|Any CPU
		{6F9EE13E-BA56-49C5-9A1D-51D1539B5F66}.Debug|Any CPU.Build.0 = Debug|Any CPU
		{6F9EE13E-BA56-49C5-9A1D-51D1539B5F66}.Release|Any CPU.ActiveCfg = Release|Any CPU
		{6F9EE13E-BA56-49C5-9A1D-51D1539B5F66}.Release|Any CPU.Build.0 = Release|Any CPU
		{80838EC0-79B4-47F5-B206-A465C6307457}.Debug|Any CPU.ActiveCfg = Debug|Any CPU
		{80838EC0-79B4-47F5-B206-A465C6307457}.Debug|Any CPU.Build.0 = Debug|Any CPU
		{80838EC0-79B4-47F5-B206-A465C6307457}.Release|Any CPU.ActiveCfg = Release|Any CPU
		{80838EC0-79B4-47F5-B206-A465C6307457}.Release|Any CPU.Build.0 = Release|Any CPU
		{808B0127-AADB-45C7-B3DD-9436840DECA6}.Debug|Any CPU.ActiveCfg = Debug|Any CPU
		{808B0127-AADB-45C7-B3DD-9436840DECA6}.Debug|Any CPU.Build.0 = Debug|Any CPU
		{808B0127-AADB-45C7-B3DD-9436840DECA6}.Release|Any CPU.ActiveCfg = Release|Any CPU
		{808B0127-AADB-45C7-B3DD-9436840DECA6}.Release|Any CPU.Build.0 = Release|Any CPU
		{238C492C-5FCE-40FC-B657-8C234BCA542A}.Debug|Any CPU.ActiveCfg = Debug|Any CPU
		{238C492C-5FCE-40FC-B657-8C234BCA542A}.Debug|Any CPU.Build.0 = Debug|Any CPU
		{238C492C-5FCE-40FC-B657-8C234BCA542A}.Release|Any CPU.ActiveCfg = Release|Any CPU
		{238C492C-5FCE-40FC-B657-8C234BCA542A}.Release|Any CPU.Build.0 = Release|Any CPU
	EndGlobalSection
	GlobalSection(SolutionProperties) = preSolution
		HideSolutionNode = FALSE
	EndGlobalSection
	GlobalSection(ExtensibilityGlobals) = postSolution
		SolutionGuid = {79CD2EAE-775E-4BF2-B809-1FB59CC3F23B}
	EndGlobalSection
EndGlobal
